
Microsoft Visual Studio Solution File, Format Version 12.00
# Visual Studio Version 17
VisualStudioVersion = 17.6.33723.286
MinimumVisualStudioVersion = 10.0.40219.1
Project("{FAE04EC0-301F-11D3-BF4B-00C04F79EFBC}") = "ButtonsCreate", "WindowsFormsApp3\ButtonsCreate.csproj", "{351C2196-9270-473C-B45F-098FD04670FC}"
EndProject
Global
	GlobalSection(SolutionConfigurationPlatforms) = preSolution
		Debug|Any CPU = Debug|Any CPU
		Release|Any CPU = Release|Any CPU
	EndGlobalSection
	GlobalSection(ProjectConfigurationPlatforms) = postSolution
		{351C2196-9270-473C-B45F-098FD04670FC}.Debug|Any CPU.ActiveCfg = Debug|Any CPU
		{351C2196-9270-473C-B45F-098FD04670FC}.Debug|Any CPU.Build.0 = Debug|Any CPU
		{351C2196-9270-473C-B45F-098FD04670FC}.Release|Any CPU.ActiveCfg = Release|Any CPU
		{351C2196-9270-473C-B45F-098FD04670FC}.Release|Any CPU.Build.0 = Release|Any CPU
	EndGlobalSection
	GlobalSection(SolutionProperties) = preSolution
		HideSolutionNode = FALSE
	EndGlobalSection
	GlobalSection(ExtensibilityGlobals) = postSolution
		SolutionGuid = {1323CD8B-6BE1-46B8-8976-340A96B6EC42}
	EndGlobalSection
EndGlobal
